
Microsoft Visual Studio Solution File, Format Version 12.00
# Visual Studio Version 17
VisualStudioVersion = 17.0.32112.339
MinimumVisualStudioVersion = 10.0.40219.1
Project("{9A19103F-16F7-4668-BE54-9A1E7A4F7556}") = "ClientGUI", "ClientGUI\ClientGUI.csproj", "{46CBA580-1D16-4C03-A984-BC463245BE77}"
EndProject
Project("{9A19103F-16F7-4668-BE54-9A1E7A4F7556}") = "AgarioModels", "AgarioModels\AgarioModels.csproj", "{D6ECB05A-38B9-4D7B-A7AE-4749ADC8BBFA}"
EndProject
Project("{9A19103F-16F7-4668-BE54-9A1E7A4F7556}") = "Communications", "Communications\Communications.csproj", "{9D673DF8-8F25-4251-9167-D4EACC45BC6F}"
EndProject
Project("{9A19103F-16F7-4668-BE54-9A1E7A4F7556}") = "Communications.Tests", "Communications.Tests\Communications.Tests.csproj", "{6DE5A9BA-CE52-4304-AECF-834D1A49E308}"
EndProject
Project("{2150E333-8FDC-42A3-9474-1A3956D46DE8}") = "Solution Items", "Solution Items", "{369B8C2F-7FBE-4BDF-A94E-37E6BF72C6FD}"
	ProjectSection(SolutionItems) = preProject
		Whiteboard\DepenencyMap.png = Whiteboard\DepenencyMap.png
		README.md = README.md
	EndProjectSection
EndProject
Global
	GlobalSection(SolutionConfigurationPlatforms) = preSolution
		Debug|Any CPU = Debug|Any CPU
		Release|Any CPU = Release|Any CPU
	EndGlobalSection
	GlobalSection(ProjectConfigurationPlatforms) = postSolution
		{46CBA580-1D16-4C03-A984-BC463245BE77}.Debug|Any CPU.ActiveCfg = Debug|Any CPU
		{46CBA580-1D16-4C03-A984-BC463245BE77}.Debug|Any CPU.Build.0 = Debug|Any CPU
		{46CBA580-1D16-4C03-A984-BC463245BE77}.Release|Any CPU.ActiveCfg = Release|Any CPU
		{46CBA580-1D16-4C03-A984-BC463245BE77}.Release|Any CPU.Build.0 = Release|Any CPU
		{D6ECB05A-38B9-4D7B-A7AE-4749ADC8BBFA}.Debug|Any CPU.ActiveCfg = Debug|Any CPU
		{D6ECB05A-38B9-4D7B-A7AE-4749ADC8BBFA}.Debug|Any CPU.Build.0 = Debug|Any CPU
		{D6ECB05A-38B9-4D7B-A7AE-4749ADC8BBFA}.Release|Any CPU.ActiveCfg = Release|Any CPU
		{D6ECB05A-38B9-4D7B-A7AE-4749ADC8BBFA}.Release|Any CPU.Build.0 = Release|Any CPU
		{9D673DF8-8F25-4251-9167-D4EACC45BC6F}.Debug|Any CPU.ActiveCfg = Debug|Any CPU
		{9D673DF8-8F25-4251-9167-D4EACC45BC6F}.Debug|Any CPU.Build.0 = Debug|Any CPU
		{9D673DF8-8F25-4251-9167-D4EACC45BC6F}.Release|Any CPU.ActiveCfg = Release|Any CPU
		{9D673DF8-8F25-4251-9167-D4EACC45BC6F}.Release|Any CPU.Build.0 = Release|Any CPU
		{6DE5A9BA-CE52-4304-AECF-834D1A49E308}.Debug|Any CPU.ActiveCfg = Debug|Any CPU
		{6DE5A9BA-CE52-4304-AECF-834D1A49E308}.Debug|Any CPU.Build.0 = Debug|Any CPU
		{6DE5A9BA-CE52-4304-AECF-834D1A49E308}.Release|Any CPU.ActiveCfg = Release|Any CPU
		{6DE5A9BA-CE52-4304-AECF-834D1A49E308}.Release|Any CPU.Build.0 = Release|Any CPU
	EndGlobalSection
	GlobalSection(SolutionProperties) = preSolution
		HideSolutionNode = FALSE
	EndGlobalSection
	GlobalSection(ExtensibilityGlobals) = postSolution
		SolutionGuid = {4E77D2BA-4941-4A96-BDA0-D0B1D9D13D4E}
	EndGlobalSection
EndGlobal
